
Microsoft Visual Studio Solution File, Format Version 12.00
# Visual Studio Version 16
VisualStudioVersion = 16.0.30011.22
MinimumVisualStudioVersion = 10.0.40219.1
Project("{9A19103F-16F7-4668-BE54-9A1E7A4F7556}") = "Taxi.Common", "Taxi.Common\Taxi.Common.csproj", "{7F83BA08-F4B5-433F-AC9F-10B650BD7172}"
EndProject
Project("{9A19103F-16F7-4668-BE54-9A1E7A4F7556}") = "Taxi.Web", "Taxi.Web\Taxi.Web.csproj", "{F2A9BF5E-6232-4028-9928-273DB7A632B6}"
EndProject
Project("{9A19103F-16F7-4668-BE54-9A1E7A4F7556}") = "Taxi.Prism", "Taxi.Prism\Taxi.Prism\Taxi.Prism.csproj", "{75F47233-308D-432B-9465-8DE41BF522DC}"
EndProject
Project("{FAE04EC0-301F-11D3-BF4B-00C04F79EFBC}") = "Taxi.Prism.Android", "Taxi.Prism\Taxi.Prism.Android\Taxi.Prism.Android.csproj", "{DEA2C8A9-9884-4CAE-9AA0-D8B40C601A1F}"
EndProject
Project("{FAE04EC0-301F-11D3-BF4B-00C04F79EFBC}") = "Taxi.Prism.iOS", "Taxi.Prism\Taxi.Prism.iOS\Taxi.Prism.iOS.csproj", "{2BADD63C-A873-4A17-8052-ADEC5D064A6B}"
EndProject
Project("{FAE04EC0-301F-11D3-BF4B-00C04F79EFBC}") = "Taxi.Cross.Android", "Taxi.Cross.Android\Taxi.Cross.Android.csproj", "{BF711403-68AF-4903-B84B-43DAFC56BBFB}"
EndProject
Project("{FAE04EC0-301F-11D3-BF4B-00C04F79EFBC}") = "Taxi.Cross.iOS", "Taxi.Cross.iOS\Taxi.Cross.iOS.csproj", "{74E269A3-8DBE-48F4-A014-503DE99C6CE9}"
EndProject
Global
	GlobalSection(SolutionConfigurationPlatforms) = preSolution
		Ad-Hoc|Any CPU = Ad-Hoc|Any CPU
		Ad-Hoc|iPhone = Ad-Hoc|iPhone
		Ad-Hoc|iPhoneSimulator = Ad-Hoc|iPhoneSimulator
		AppStore|Any CPU = AppStore|Any CPU
		AppStore|iPhone = AppStore|iPhone
		AppStore|iPhoneSimulator = AppStore|iPhoneSimulator
		Debug|Any CPU = Debug|Any CPU
		Debug|iPhone = Debug|iPhone
		Debug|iPhoneSimulator = Debug|iPhoneSimulator
		Release|Any CPU = Release|Any CPU
		Release|iPhone = Release|iPhone
		Release|iPhoneSimulator = Release|iPhoneSimulator
	EndGlobalSection
	GlobalSection(ProjectConfigurationPlatforms) = postSolution
		{7F83BA08-F4B5-433F-AC9F-10B650BD7172}.Ad-Hoc|Any CPU.ActiveCfg = Release|Any CPU
		{7F83BA08-F4B5-433F-AC9F-10B650BD7172}.Ad-Hoc|Any CPU.Build.0 = Release|Any CPU
		{7F83BA08-F4B5-433F-AC9F-10B650BD7172}.Ad-Hoc|iPhone.ActiveCfg = Release|Any CPU
		{7F83BA08-F4B5-433F-AC9F-10B650BD7172}.Ad-Hoc|iPhone.Build.0 = Release|Any CPU
		{7F83BA08-F4B5-433F-AC9F-10B650BD7172}.Ad-Hoc|iPhoneSimulator.ActiveCfg = Release|Any CPU
		{7F83BA08-F4B5-433F-AC9F-10B650BD7172}.Ad-Hoc|iPhoneSimulator.Build.0 = Release|Any CPU
		{7F83BA08-F4B5-433F-AC9F-10B650BD7172}.AppStore|Any CPU.ActiveCfg = Release|Any CPU
		{7F83BA08-F4B5-433F-AC9F-10B650BD7172}.AppStore|Any CPU.Build.0 = Release|Any CPU
		{7F83BA08-F4B5-433F-AC9F-10B650BD7172}.AppStore|iPhone.ActiveCfg = Release|Any CPU
		{7F83BA08-F4B5-433F-AC9F-10B650BD7172}.AppStore|iPhone.Build.0 = Release|Any CPU
		{7F83BA08-F4B5-433F-AC9F-10B650BD7172}.AppStore|iPhoneSimulator.ActiveCfg = Release|Any CPU
		{7F83BA08-F4B5-433F-AC9F-10B650BD7172}.AppStore|iPhoneSimulator.Build.0 = Release|Any CPU
		{7F83BA08-F4B5-433F-AC9F-10B650BD7172}.Debug|Any CPU.ActiveCfg = Debug|Any CPU
		{7F83BA08-F4B5-433F-AC9F-10B650BD7172}.Debug|Any CPU.Build.0 = Debug|Any CPU
		{7F83BA08-F4B5-433F-AC9F-10B650BD7172}.Debug|iPhone.ActiveCfg = Debug|Any CPU
		{7F83BA08-F4B5-433F-AC9F-10B650BD7172}.Debug|iPhone.Build.0 = Debug|Any CPU
		{7F83BA08-F4B5-433F-AC9F-10B650BD7172}.Debug|iPhoneSimulator.ActiveCfg = Debug|Any CPU
		{7F83BA08-F4B5-433F-AC9F-10B650BD7172}.Debug|iPhoneSimulator.Build.0 = Debug|Any CPU
		{7F83BA08-F4B5-433F-AC9F-10B650BD7172}.Release|Any CPU.ActiveCfg = Release|Any CPU
		{7F83BA08-F4B5-433F-AC9F-10B650BD7172}.Release|Any CPU.Build.0 = Release|Any CPU
		{7F83BA08-F4B5-433F-AC9F-10B650BD7172}.Release|iPhone.ActiveCfg = Release|Any CPU
		{7F83BA08-F4B5-433F-AC9F-10B650BD7172}.Release|iPhone.Build.0 = Release|Any CPU
		{7F83BA08-F4B5-433F-AC9F-10B650BD7172}.Release|iPhoneSimulator.ActiveCfg = Release|Any CPU
		{7F83BA08-F4B5-433F-AC9F-10B650BD7172}.Release|iPhoneSimulator.Build.0 = Release|Any CPU
		{F2A9BF5E-6232-4028-9928-273DB7A632B6}.Ad-Hoc|Any CPU.ActiveCfg = Release|Any CPU
		{F2A9BF5E-6232-4028-9928-273DB7A632B6}.Ad-Hoc|Any CPU.Build.0 = Release|Any CPU
		{F2A9BF5E-6232-4028-9928-273DB7A632B6}.Ad-Hoc|iPhone.ActiveCfg = Release|Any CPU
		{F2A9BF5E-6232-4028-9928-273DB7A632B6}.Ad-Hoc|iPhone.Build.0 = Release|Any CPU
		{F2A9BF5E-6232-4028-9928-273DB7A632B6}.Ad-Hoc|iPhoneSimulator.ActiveCfg = Release|Any CPU
		{F2A9BF5E-6232-4028-9928-273DB7A632B6}.Ad-Hoc|iPhoneSimulator.Build.0 = Release|Any CPU
		{F2A9BF5E-6232-4028-9928-273DB7A632B6}.AppStore|Any CPU.ActiveCfg = Release|Any CPU
		{F2A9BF5E-6232-4028-9928-273DB7A632B6}.AppStore|Any CPU.Build.0 = Release|Any CPU
		{F2A9BF5E-6232-4028-9928-273DB7A632B6}.AppStore|iPhone.ActiveCfg = Release|Any CPU
		{F2A9BF5E-6232-4028-9928-273DB7A632B6}.AppStore|iPhone.Build.0 = Release|Any CPU
		{F2A9BF5E-6232-4028-9928-273DB7A632B6}.AppStore|iPhoneSimulator.ActiveCfg = Release|Any CPU
		{F2A9BF5E-6232-4028-9928-273DB7A632B6}.AppStore|iPhoneSimulator.Build.0 = Release|Any CPU
		{F2A9BF5E-6232-4028-9928-273DB7A632B6}.Debug|Any CPU.ActiveCfg = Debug|Any CPU
		{F2A9BF5E-6232-4028-9928-273DB7A632B6}.Debug|Any CPU.Build.0 = Debug|Any CPU
		{F2A9BF5E-6232-4028-9928-273DB7A632B6}.Debug|iPhone.ActiveCfg = Debug|Any CPU
		{F2A9BF5E-6232-4028-9928-273DB7A632B6}.Debug|iPhone.Build.0 = Debug|Any CPU
		{F2A9BF5E-6232-4028-9928-273DB7A632B6}.Debug|iPhoneSimulator.ActiveCfg = Debug|Any CPU
		{F2A9BF5E-6232-4028-9928-273DB7A632B6}.Debug|iPhoneSimulator.Build.0 = Debug|Any CPU
		{F2A9BF5E-6232-4028-9928-273DB7A632B6}.Release|Any CPU.ActiveCfg = Release|Any CPU
		{F2A9BF5E-6232-4028-9928-273DB7A632B6}.Release|Any CPU.Build.0 = Release|Any CPU
		{F2A9BF5E-6232-4028-9928-273DB7A632B6}.Release|iPhone.ActiveCfg = Release|Any CPU
		{F2A9BF5E-6232-4028-9928-273DB7A632B6}.Release|iPhone.Build.0 = Release|Any CPU
		{F2A9BF5E-6232-4028-9928-273DB7A632B6}.Release|iPhoneSimulator.ActiveCfg = Release|Any CPU
		{F2A9BF5E-6232-4028-9928-273DB7A632B6}.Release|iPhoneSimulator.Build.0 = Release|Any CPU
		{75F47233-308D-432B-9465-8DE41BF522DC}.Ad-Hoc|Any CPU.ActiveCfg = Debug|Any CPU
		{75F47233-308D-432B-9465-8DE41BF522DC}.Ad-Hoc|Any CPU.Build.0 = Debug|Any CPU
		{75F47233-308D-432B-9465-8DE41BF522DC}.Ad-Hoc|iPhone.ActiveCfg = Debug|Any CPU
		{75F47233-308D-432B-9465-8DE41BF522DC}.Ad-Hoc|iPhone.Build.0 = Debug|Any CPU
		{75F47233-308D-432B-9465-8DE41BF522DC}.Ad-Hoc|iPhoneSimulator.ActiveCfg = Debug|Any CPU
		{75F47233-308D-432B-9465-8DE41BF522DC}.Ad-Hoc|iPhoneSimulator.Build.0 = Debug|Any CPU
		{75F47233-308D-432B-9465-8DE41BF522DC}.AppStore|Any CPU.ActiveCfg = Debug|Any CPU
		{75F47233-308D-432B-9465-8DE41BF522DC}.AppStore|Any CPU.Build.0 = Debug|Any CPU
		{75F47233-308D-432B-9465-8DE41BF522DC}.AppStore|iPhone.ActiveCfg = Debug|Any CPU
		{75F47233-308D-432B-9465-8DE41BF522DC}.AppStore|iPhone.Build.0 = Debug|Any CPU
		{75F47233-308D-432B-9465-8DE41BF522DC}.AppStore|iPhoneSimulator.ActiveCfg = Debug|Any CPU
		{75F47233-308D-432B-9465-8DE41BF522DC}.AppStore|iPhoneSimulator.Build.0 = Debug|Any CPU
		{75F47233-308D-432B-9465-8DE41BF522DC}.Debug|Any CPU.ActiveCfg = Debug|Any CPU
		{75F47233-308D-432B-9465-8DE41BF522DC}.Debug|Any CPU.Build.0 = Debug|Any CPU
		{75F47233-308D-432B-9465-8DE41BF522DC}.Debug|iPhone.ActiveCfg = Debug|Any CPU
		{75F47233-308D-432B-9465-8DE41BF522DC}.Debug|iPhone.Build.0 = Debug|Any CPU
		{75F47233-308D-432B-9465-8DE41BF522DC}.Debug|iPhoneSimulator.ActiveCfg = Debug|Any CPU
		{75F47233-308D-432B-9465-8DE41BF522DC}.Debug|iPhoneSimulator.Build.0 = Debug|Any CPU
		{75F47233-308D-432B-9465-8DE41BF522DC}.Release|Any CPU.ActiveCfg = Release|Any CPU
		{75F47233-308D-432B-9465-8DE41BF522DC}.Release|Any CPU.Build.0 = Release|Any CPU
		{75F47233-308D-432B-9465-8DE41BF522DC}.Release|iPhone.ActiveCfg = Release|Any CPU
		{75F47233-308D-432B-9465-8DE41BF522DC}.Release|iPhone.Build.0 = Release|Any CPU
		{75F47233-308D-432B-9465-8DE41BF522DC}.Release|iPhoneSimulator.ActiveCfg = Release|Any CPU
		{75F47233-308D-432B-9465-8DE41BF522DC}.Release|iPhoneSimulator.Build.0 = Release|Any CPU
		{DEA2C8A9-9884-4CAE-9AA0-D8B40C601A1F}.Ad-Hoc|Any CPU.ActiveCfg = Release|Any CPU
		{DEA2C8A9-9884-4CAE-9AA0-D8B40C601A1F}.Ad-Hoc|Any CPU.Build.0 = Release|Any CPU
		{DEA2C8A9-9884-4CAE-9AA0-D8B40C601A1F}.Ad-Hoc|Any CPU.Deploy.0 = Release|Any CPU
		{DEA2C8A9-9884-4CAE-9AA0-D8B40C601A1F}.Ad-Hoc|iPhone.ActiveCfg = Release|Any CPU
		{DEA2C8A9-9884-4CAE-9AA0-D8B40C601A1F}.Ad-Hoc|iPhone.Build.0 = Release|Any CPU
		{DEA2C8A9-9884-4CAE-9AA0-D8B40C601A1F}.Ad-Hoc|iPhone.Deploy.0 = Release|Any CPU
		{DEA2C8A9-9884-4CAE-9AA0-D8B40C601A1F}.Ad-Hoc|iPhoneSimulator.ActiveCfg = Release|Any CPU
		{DEA2C8A9-9884-4CAE-9AA0-D8B40C601A1F}.Ad-Hoc|iPhoneSimulator.Build.0 = Release|Any CPU
		{DEA2C8A9-9884-4CAE-9AA0-D8B40C601A1F}.Ad-Hoc|iPhoneSimulator.Deploy.0 = Release|Any CPU
		{DEA2C8A9-9884-4CAE-9AA0-D8B40C601A1F}.AppStore|Any CPU.ActiveCfg = Release|Any CPU
		{DEA2C8A9-9884-4CAE-9AA0-D8B40C601A1F}.AppStore|Any CPU.Build.0 = Release|Any CPU
		{DEA2C8A9-9884-4CAE-9AA0-D8B40C601A1F}.AppStore|Any CPU.Deploy.0 = Release|Any CPU
		{DEA2C8A9-9884-4CAE-9AA0-D8B40C601A1F}.AppStore|iPhone.ActiveCfg = Release|Any CPU
		{DEA2C8A9-9884-4CAE-9AA0-D8B40C601A1F}.AppStore|iPhone.Build.0 = Release|Any CPU
		{DEA2C8A9-9884-4CAE-9AA0-D8B40C601A1F}.AppStore|iPhone.Deploy.0 = Release|Any CPU
		{DEA2C8A9-9884-4CAE-9AA0-D8B40C601A1F}.AppStore|iPhoneSimulator.ActiveCfg = Release|Any CPU
		{DEA2C8A9-9884-4CAE-9AA0-D8B40C601A1F}.AppStore|iPhoneSimulator.Build.0 = Release|Any CPU
		{DEA2C8A9-9884-4CAE-9AA0-D8B40C601A1F}.AppStore|iPhoneSimulator.Deploy.0 = Release|Any CPU
		{DEA2C8A9-9884-4CAE-9AA0-D8B40C601A1F}.Debug|Any CPU.ActiveCfg = Debug|Any CPU
		{DEA2C8A9-9884-4CAE-9AA0-D8B40C601A1F}.Debug|Any CPU.Build.0 = Debug|Any CPU
		{DEA2C8A9-9884-4CAE-9AA0-D8B40C601A1F}.Debug|Any CPU.Deploy.0 = Debug|Any CPU
		{DEA2C8A9-9884-4CAE-9AA0-D8B40C601A1F}.Debug|iPhone.ActiveCfg = Debug|Any CPU
		{DEA2C8A9-9884-4CAE-9AA0-D8B40C601A1F}.Debug|iPhone.Build.0 = Debug|Any CPU
		{DEA2C8A9-9884-4CAE-9AA0-D8B40C601A1F}.Debug|iPhone.Deploy.0 = Debug|Any CPU
		{DEA2C8A9-9884-4CAE-9AA0-D8B40C601A1F}.Debug|iPhoneSimulator.ActiveCfg = Debug|Any CPU
		{DEA2C8A9-9884-4CAE-9AA0-D8B40C601A1F}.Debug|iPhoneSimulator.Build.0 = Debug|Any CPU
		{DEA2C8A9-9884-4CAE-9AA0-D8B40C601A1F}.Debug|iPhoneSimulator.Deploy.0 = Debug|Any CPU
		{DEA2C8A9-9884-4CAE-9AA0-D8B40C601A1F}.Release|Any CPU.ActiveCfg = Release|Any CPU
		{DEA2C8A9-9884-4CAE-9AA0-D8B40C601A1F}.Release|Any CPU.Build.0 = Release|Any CPU
		{DEA2C8A9-9884-4CAE-9AA0-D8B40C601A1F}.Release|Any CPU.Deploy.0 = Release|Any CPU
		{DEA2C8A9-9884-4CAE-9AA0-D8B40C601A1F}.Release|iPhone.ActiveCfg = Release|Any CPU
		{DEA2C8A9-9884-4CAE-9AA0-D8B40C601A1F}.Release|iPhone.Build.0 = Release|Any CPU
		{DEA2C8A9-9884-4CAE-9AA0-D8B40C601A1F}.Release|iPhone.Deploy.0 = Release|Any CPU
		{DEA2C8A9-9884-4CAE-9AA0-D8B40C601A1F}.Release|iPhoneSimulator.ActiveCfg = Release|Any CPU
		{DEA2C8A9-9884-4CAE-9AA0-D8B40C601A1F}.Release|iPhoneSimulator.Build.0 = Release|Any CPU
		{DEA2C8A9-9884-4CAE-9AA0-D8B40C601A1F}.Release|iPhoneSimulator.Deploy.0 = Release|Any CPU
		{2BADD63C-A873-4A17-8052-ADEC5D064A6B}.Ad-Hoc|Any CPU.ActiveCfg = Ad-Hoc|iPhone
		{2BADD63C-A873-4A17-8052-ADEC5D064A6B}.Ad-Hoc|iPhone.ActiveCfg = Ad-Hoc|iPhone
		{2BADD63C-A873-4A17-8052-ADEC5D064A6B}.Ad-Hoc|iPhone.Build.0 = Ad-Hoc|iPhone
		{2BADD63C-A873-4A17-8052-ADEC5D064A6B}.Ad-Hoc|iPhoneSimulator.ActiveCfg = Ad-Hoc|iPhoneSimulator
		{2BADD63C-A873-4A17-8052-ADEC5D064A6B}.Ad-Hoc|iPhoneSimulator.Build.0 = Ad-Hoc|iPhoneSimulator
		{2BADD63C-A873-4A17-8052-ADEC5D064A6B}.AppStore|Any CPU.ActiveCfg = AppStore|iPhone
		{2BADD63C-A873-4A17-8052-ADEC5D064A6B}.AppStore|iPhone.ActiveCfg = AppStore|iPhone
		{2BADD63C-A873-4A17-8052-ADEC5D064A6B}.AppStore|iPhone.Build.0 = AppStore|iPhone
		{2BADD63C-A873-4A17-8052-ADEC5D064A6B}.AppStore|iPhoneSimulator.ActiveCfg = AppStore|iPhoneSimulator
		{2BADD63C-A873-4A17-8052-ADEC5D064A6B}.AppStore|iPhoneSimulator.Build.0 = AppStore|iPhoneSimulator
		{2BADD63C-A873-4A17-8052-ADEC5D064A6B}.Debug|Any CPU.ActiveCfg = Debug|iPhone
		{2BADD63C-A873-4A17-8052-ADEC5D064A6B}.Debug|iPhone.ActiveCfg = Debug|iPhone
		{2BADD63C-A873-4A17-8052-ADEC5D064A6B}.Debug|iPhone.Build.0 = Debug|iPhone
		{2BADD63C-A873-4A17-8052-ADEC5D064A6B}.Debug|iPhoneSimulator.ActiveCfg = Debug|iPhoneSimulator
		{2BADD63C-A873-4A17-8052-ADEC5D064A6B}.Debug|iPhoneSimulator.Build.0 = Debug|iPhoneSimulator
		{2BADD63C-A873-4A17-8052-ADEC5D064A6B}.Release|Any CPU.ActiveCfg = Release|iPhone
		{2BADD63C-A873-4A17-8052-ADEC5D064A6B}.Release|iPhone.ActiveCfg = Release|iPhone
		{2BADD63C-A873-4A17-8052-ADEC5D064A6B}.Release|iPhone.Build.0 = Release|iPhone
		{2BADD63C-A873-4A17-8052-ADEC5D064A6B}.Release|iPhoneSimulator.ActiveCfg = Release|iPhoneSimulator
		{2BADD63C-A873-4A17-8052-ADEC5D064A6B}.Release|iPhoneSimulator.Build.0 = Release|iPhoneSimulator
		{BF711403-68AF-4903-B84B-43DAFC56BBFB}.Ad-Hoc|Any CPU.ActiveCfg = Release|Any CPU
		{BF711403-68AF-4903-B84B-43DAFC56BBFB}.Ad-Hoc|Any CPU.Build.0 = Release|Any CPU
		{BF711403-68AF-4903-B84B-43DAFC56BBFB}.Ad-Hoc|Any CPU.Deploy.0 = Release|Any CPU
		{BF711403-68AF-4903-B84B-43DAFC56BBFB}.Ad-Hoc|iPhone.ActiveCfg = Release|Any CPU
		{BF711403-68AF-4903-B84B-43DAFC56BBFB}.Ad-Hoc|iPhone.Build.0 = Release|Any CPU
		{BF711403-68AF-4903-B84B-43DAFC56BBFB}.Ad-Hoc|iPhone.Deploy.0 = Release|Any CPU
		{BF711403-68AF-4903-B84B-43DAFC56BBFB}.Ad-Hoc|iPhoneSimulator.ActiveCfg = Release|Any CPU
		{BF711403-68AF-4903-B84B-43DAFC56BBFB}.Ad-Hoc|iPhoneSimulator.Build.0 = Release|Any CPU
		{BF711403-68AF-4903-B84B-43DAFC56BBFB}.Ad-Hoc|iPhoneSimulator.Deploy.0 = Release|Any CPU
		{BF711403-68AF-4903-B84B-43DAFC56BBFB}.AppStore|Any CPU.ActiveCfg = Release|Any CPU
		{BF711403-68AF-4903-B84B-43DAFC56BBFB}.AppStore|Any CPU.Build.0 = Release|Any CPU
		{BF711403-68AF-4903-B84B-43DAFC56BBFB}.AppStore|Any CPU.Deploy.0 = Release|Any CPU
		{BF711403-68AF-4903-B84B-43DAFC56BBFB}.AppStore|iPhone.ActiveCfg = Release|Any CPU
		{BF711403-68AF-4903-B84B-43DAFC56BBFB}.AppStore|iPhone.Build.0 = Release|Any CPU
		{BF711403-68AF-4903-B84B-43DAFC56BBFB}.AppStore|iPhone.Deploy.0 = Release|Any CPU
		{BF711403-68AF-4903-B84B-43DAFC56BBFB}.AppStore|iPhoneSimulator.ActiveCfg = Release|Any CPU
		{BF711403-68AF-4903-B84B-43DAFC56BBFB}.AppStore|iPhoneSimulator.Build.0 = Release|Any CPU
		{BF711403-68AF-4903-B84B-43DAFC56BBFB}.AppStore|iPhoneSimulator.Deploy.0 = Release|Any CPU
		{BF711403-68AF-4903-B84B-43DAFC56BBFB}.Debug|Any CPU.ActiveCfg = Debug|Any CPU
		{BF711403-68AF-4903-B84B-43DAFC56BBFB}.Debug|Any CPU.Build.0 = Debug|Any CPU
		{BF711403-68AF-4903-B84B-43DAFC56BBFB}.Debug|Any CPU.Deploy.0 = Debug|Any CPU
		{BF711403-68AF-4903-B84B-43DAFC56BBFB}.Debug|iPhone.ActiveCfg = Debug|Any CPU
		{BF711403-68AF-4903-B84B-43DAFC56BBFB}.Debug|iPhone.Build.0 = Debug|Any CPU
		{BF711403-68AF-4903-B84B-43DAFC56BBFB}.Debug|iPhone.Deploy.0 = Debug|Any CPU
		{BF711403-68AF-4903-B84B-43DAFC56BBFB}.Debug|iPhoneSimulator.ActiveCfg = Debug|Any CPU
		{BF711403-68AF-4903-B84B-43DAFC56BBFB}.Debug|iPhoneSimulator.Build.0 = Debug|Any CPU
		{BF711403-68AF-4903-B84B-43DAFC56BBFB}.Debug|iPhoneSimulator.Deploy.0 = Debug|Any CPU
		{BF711403-68AF-4903-B84B-43DAFC56BBFB}.Release|Any CPU.ActiveCfg = Release|Any CPU
		{BF711403-68AF-4903-B84B-43DAFC56BBFB}.Release|Any CPU.Build.0 = Release|Any CPU
		{BF711403-68AF-4903-B84B-43DAFC56BBFB}.Release|Any CPU.Deploy.0 = Release|Any CPU
		{BF711403-68AF-4903-B84B-43DAFC56BBFB}.Release|iPhone.ActiveCfg = Release|Any CPU
		{BF711403-68AF-4903-B84B-43DAFC56BBFB}.Release|iPhone.Build.0 = Release|Any CPU
		{BF711403-68AF-4903-B84B-43DAFC56BBFB}.Release|iPhone.Deploy.0 = Release|Any CPU
		{BF711403-68AF-4903-B84B-43DAFC56BBFB}.Release|iPhoneSimulator.ActiveCfg = Release|Any CPU
		{BF711403-68AF-4903-B84B-43DAFC56BBFB}.Release|iPhoneSimulator.Build.0 = Release|Any CPU
		{BF711403-68AF-4903-B84B-43DAFC56BBFB}.Release|iPhoneSimulator.Deploy.0 = Release|Any CPU
		{74E269A3-8DBE-48F4-A014-503DE99C6CE9}.Ad-Hoc|Any CPU.ActiveCfg = Release|iPhone
		{74E269A3-8DBE-48F4-A014-503DE99C6CE9}.Ad-Hoc|Any CPU.Build.0 = Release|iPhone
		{74E269A3-8DBE-48F4-A014-503DE99C6CE9}.Ad-Hoc|iPhone.ActiveCfg = Release|iPhone
		{74E269A3-8DBE-48F4-A014-503DE99C6CE9}.Ad-Hoc|iPhone.Build.0 = Release|iPhone
		{74E269A3-8DBE-48F4-A014-503DE99C6CE9}.Ad-Hoc|iPhoneSimulator.ActiveCfg = Release|iPhoneSimulator
		{74E269A3-8DBE-48F4-A014-503DE99C6CE9}.Ad-Hoc|iPhoneSimulator.Build.0 = Release|iPhoneSimulator
		{74E269A3-8DBE-48F4-A014-503DE99C6CE9}.AppStore|Any CPU.ActiveCfg = Release|iPhone
		{74E269A3-8DBE-48F4-A014-503DE99C6CE9}.AppStore|Any CPU.Build.0 = Release|iPhone
		{74E269A3-8DBE-48F4-A014-503DE99C6CE9}.AppStore|iPhone.ActiveCfg = Release|iPhone
		{74E269A3-8DBE-48F4-A014-503DE99C6CE9}.AppStore|iPhone.Build.0 = Release|iPhone
		{74E269A3-8DBE-48F4-A014-503DE99C6CE9}.AppStore|iPhoneSimulator.ActiveCfg = Release|iPhoneSimulator
		{74E269A3-8DBE-48F4-A014-503DE99C6CE9}.AppStore|iPhoneSimulator.Build.0 = Release|iPhoneSimulator
		{74E269A3-8DBE-48F4-A014-503DE99C6CE9}.Debug|Any CPU.ActiveCfg = Debug|iPhone
		{74E269A3-8DBE-48F4-A014-503DE99C6CE9}.Debug|iPhone.ActiveCfg = Debug|iPhone
		{74E269A3-8DBE-48F4-A014-503DE99C6CE9}.Debug|iPhone.Build.0 = Debug|iPhone
		{74E269A3-8DBE-48F4-A014-503DE99C6CE9}.Debug|iPhoneSimulator.ActiveCfg = Debug|iPhoneSimulator
		{74E269A3-8DBE-48F4-A014-503DE99C6CE9}.Debug|iPhoneSimulator.Build.0 = Debug|iPhoneSimulator
		{74E269A3-8DBE-48F4-A014-503DE99C6CE9}.Release|Any CPU.ActiveCfg = Release|iPhone
		{74E269A3-8DBE-48F4-A014-503DE99C6CE9}.Release|iPhone.ActiveCfg = Release|iPhone
		{74E269A3-8DBE-48F4-A014-503DE99C6CE9}.Release|iPhone.Build.0 = Release|iPhone
		{74E269A3-8DBE-48F4-A014-503DE99C6CE9}.Release|iPhoneSimulator.ActiveCfg = Release|iPhoneSimulator
		{74E269A3-8DBE-48F4-A014-503DE99C6CE9}.Release|iPhoneSimulator.Build.0 = Release|iPhoneSimulator
	EndGlobalSection
	GlobalSection(SolutionProperties) = preSolution
		HideSolutionNode = FALSE
	EndGlobalSection
	GlobalSection(ExtensibilityGlobals) = postSolution
		SolutionGuid = {806434AB-A93A-4335-A9D6-B6381DF187CE}
	EndGlobalSection
EndGlobal
